// !$*UTF8*$!
{
	archiveVersion = 1;
	classes = {
	};
	objectVersion = 46;
	objects = {

/* Begin PBXBuildFile section */
		073EE0B91EB97B4E00280A74 /* AppDelegate.swift in Sources */ = {isa = PBXBuildFile; fileRef = 073EE0B81EB97B4E00280A74 /* AppDelegate.swift */; };
		073EE0BB1EB97B4E00280A74 /* ViewController.swift in Sources */ = {isa = PBXBuildFile; fileRef = 073EE0BA1EB97B4E00280A74 /* ViewController.swift */; };
		073EE0BE1EB97B4E00280A74 /* Main.storyboard in Resources */ = {isa = PBXBuildFile; fileRef = 073EE0BC1EB97B4E00280A74 /* Main.storyboard */; };
		073EE0C11EB97B4E00280A74 /* CoreDataTut.xcdatamodeld in Sources */ = {isa = PBXBuildFile; fileRef = 073EE0BF1EB97B4E00280A74 /* CoreDataTut.xcdatamodeld */; };
		073EE0C31EB97B4E00280A74 /* Assets.xcassets in Resources */ = {isa = PBXBuildFile; fileRef = 073EE0C21EB97B4E00280A74 /* Assets.xcassets */; };
		073EE0C61EB97B4E00280A74 /* LaunchScreen.storyboard in Resources */ = {isa = PBXBuildFile; fileRef = 073EE0C41EB97B4E00280A74 /* LaunchScreen.storyboard */; };
/* End PBXBuildFile section */

/* Begin PBXFileReference section */
		073EE0B51EB97B4E00280A74 /* CoreDataTut.app */ = {isa = PBXFileReference; explicitFileType = wrapper.application; includeInIndex = 0; path = CoreDataTut.app; sourceTree = BUILT_PRODUCTS_DIR; };
		073EE0B81EB97B4E00280A74 /* AppDelegate.swift */ = {isa = PBXFileReference; lastKnownFileType = sourcecode.swift; path = AppDelegate.swift; sourceTree = "<group>"; };
		073EE0BA1EB97B4E00280A74 /* ViewController.swift */ = {isa = PBXFileReference; lastKnownFileType = sourcecode.swift; path = ViewController.swift; sourceTree = "<group>"; };
		073EE0BD1EB97B4E00280A74 /* Base */ = {isa = PBXFileReference; lastKnownFileType = file.storyboard; name = Base; path = Base.lproj/Main.storyboard; sourceTree = "<group>"; };
		073EE0C01EB97B4E00280A74 /* CoreDataTut.xcdatamodel */ = {isa = PBXFileReference; lastKnownFileType = wrapper.xcdatamodel; path = CoreDataTut.xcdatamodel; sourceTree = "<group>"; };
		073EE0C21EB97B4E00280A74 /* Assets.xcassets */ = {isa = PBXFileReference; lastKnownFileType = folder.assetcatalog; path = Assets.xcassets; sourceTree = "<group>"; };
		073EE0C51EB97B4E00280A74 /* Base */ = {isa = PBXFileReference; lastKnownFileType = file.storyboard; name = Base; path = Base.lproj/LaunchScreen.storyboard; sourceTree = "<group>"; };
		073EE0C71EB97B4E00280A74 /* Info.plist */ = {isa = PBXFileReference; lastKnownFileType = text.plist.xml; path = Info.plist; sourceTree = "<group>"; };
/* End PBXFileReference section */

/* Begin PBXFrameworksBuildPhase section */
		073EE0B21EB97B4E00280A74 /* Frameworks */ = {
			isa = PBXFrameworksBuildPhase;
			buildActionMask = 2147483647;
			files = (
			);
			runOnlyForDeploymentPostprocessing = 0;
		};
/* End PBXFrameworksBuildPhase section */

/* Begin PBXGroup section */
		073EE0AC1EB97B4E00280A74 = {
			isa = PBXGroup;
			children = (
				073EE0B71EB97B4E00280A74 /* CoreDataTut */,
				073EE0B61EB97B4E00280A74 /* Products */,
			);
			sourceTree = "<group>";
		};
		073EE0B61EB97B4E00280A74 /* Products */ = {
			isa = PBXGroup;
			children = (
				073EE0B51EB97B4E00280A74 /* CoreDataTut.app */,
			);
			name = Products;
			sourceTree = "<group>";
		};
		073EE0B71EB97B4E00280A74 /* CoreDataTut */ = {
			isa = PBXGroup;
			children = (
				073EE0B81EB97B4E00280A74 /* AppDelegate.swift */,
				073EE0BA1EB97B4E00280A74 /* ViewController.swift */,
				073EE0BC1EB97B4E00280A74 /* Main.storyboard */,
				073EE0C21EB97B4E00280A74 /* Assets.xcassets */,
				073EE0C41EB97B4E00280A74 /* LaunchScreen.storyboard */,
				073EE0C71EB97B4E00280A74 /* Info.plist */,
				073EE0BF1EB97B4E00280A74 /* CoreDataTut.xcdatamodeld */,
			);
			path = CoreDataTut;
			sourceTree = "<group>";
		};
/* End PBXGroup section */

/* Begin PBXNativeTarget section */
		073EE0B41EB97B4E00280A74 /* CoreDataTut */ = {
			isa = PBXNativeTarget;
			buildConfigurationList = 073EE0CA1EB97B4E00280A74 /* Build configuration list for PBXNativeTarget "CoreDataTut" */;
			buildPhases = (
				073EE0B11EB97B4E00280A74 /* Sources */,
				073EE0B21EB97B4E00280A74 /* Frameworks */,
				073EE0B31EB97B4E00280A74 /* Resources */,
			);
			buildRules = (
			);
			dependencies = (
			);
			name = CoreDataTut;
			productName = CoreDataTut;
			productReference = 073EE0B51EB97B4E00280A74 /* CoreDataTut.app */;
			productType = "com.apple.product-type.application";
		};
/* End PBXNativeTarget section */

/* Begin PBXProject section */
		073EE0AD1EB97B4E00280A74 /* Project object */ = {
			isa = PBXProject;
			attributes = {
				LastSwiftUpdateCheck = 0830;
				LastUpgradeCheck = 0830;
				ORGANIZATIONNAME = ThangLQ;
				TargetAttributes = {
					073EE0B41EB97B4E00280A74 = {
						CreatedOnToolsVersion = 8.3;
						ProvisioningStyle = Automatic;
					};
				};
			};
			buildConfigurationList = 073EE0B01EB97B4E00280A74 /* Build configuration list for PBXProject "CoreDataTut" */;
			compatibilityVersion = "Xcode 3.2";
			developmentRegion = English;
			hasScannedForEncodings = 0;
			knownRegions = (
				en,
				Base,
			);
			mainGroup = 073EE0AC1EB97B4E00280A74;
			productRefGroup = 073EE0B61EB97B4E00280A74 /* Products */;
			projectDirPath = "";
			projectRoot = "";
			targets = (
				073EE0B41EB97B4E00280A74 /* CoreDataTut */,
			);
		};
/* End PBXProject section */

/* Begin PBXResourcesBuildPhase section */
		073EE0B31EB97B4E00280A74 /* Resources */ = {
			isa = PBXResourcesBuildPhase;
			buildActionMask = 2147483647;
			files = (
				073EE0C61EB97B4E00280A74 /* LaunchScreen.storyboard in Resources */,
				073EE0C31EB97B4E00280A74 /* Assets.xcassets in Resources */,
				073EE0BE1EB97B4E00280A74 /* Main.storyboard in Resources */,
			);
			runOnlyForDeploymentPostprocessing = 0;
		};
/* End PBXResourcesBuildPhase section */

/* Begin PBXSourcesBuildPhase section */
		073EE0B11EB97B4E00280A74 /* Sources */ = {
			isa = PBXSourcesBuildPhase;
			buildActionMask = 2147483647;
			files = (
				073EE0C11EB97B4E00280A74 /* CoreDataTut.xcdatamodeld in Sources */,
				073EE0BB1EB97B4E00280A74 /* ViewController.swift in Sources */,
				073EE0B91EB97B4E00280A74 /* AppDelegate.swift in Sources */,
			);
			runOnlyForDeploymentPostprocessing = 0;
		};
/* End PBXSourcesBuildPhase section */

/* Begin PBXVariantGroup section */
		073EE0BC1EB97B4E00280A74 /* Main.storyboard */ = {
			isa = PBXVariantGroup;
			children = (
				073EE0BD1EB97B4E00280A74 /* Base */,
			);
			name = Main.storyboard;
			sourceTree = "<group>";
		};
		073EE0C41EB97B4E00280A74 /* LaunchScreen.storyboard */ = {
			isa = PBXVariantGroup;
			children = (
				073EE0C51EB97B4E00280A74 /* Base */,
			);
			name = LaunchScreen.storyboard;
			sourceTree = "<group>";
		};
/* End PBXVariantGroup section */

/* Begin XCBuildConfiguration section */
		073EE0C81EB97B4E00280A74 /* Debug */ = {
			isa = XCBuildConfiguration;
			buildSettings = {
				ALWAYS_SEARCH_USER_PATHS = NO;
				CLANG_ANALYZER_NONNULL = YES;
				CLANG_ANALYZER_NUMBER_OBJECT_CONVERSION = YES_AGGRESSIVE;
				CLANG_CXX_LANGUAGE_STANDARD = "gnu++0x";
				CLANG_CXX_LIBRARY = "libc++";
				CLANG_ENABLE_MODULES = YES;
				CLANG_ENABLE_OBJC_ARC = YES;
				CLANG_WARN_BOOL_CONVERSION = YES;
				CLANG_WARN_CONSTANT_CONVERSION = YES;
				CLANG_WARN_DIRECT_OBJC_ISA_USAGE = YES_ERROR;
				CLANG_WARN_DOCUMENTATION_COMMENTS = YES;
				CLANG_WARN_EMPTY_BODY = YES;
				CLANG_WARN_ENUM_CONVERSION = YES;
				CLANG_WARN_INFINITE_RECURSION = YES;
				CLANG_WARN_INT_CONVERSION = YES;
				CLANG_WARN_OBJC_ROOT_CLASS = YES_ERROR;
				CLANG_WARN_SUSPICIOUS_MOVE = YES;
				CLANG_WARN_UNREACHABLE_CODE = YES;
				CLANG_WARN__DUPLICATE_METHOD_MATCH = YES;
				"CODE_SIGN_IDENTITY[sdk=iphoneos*]" = "iPhone Developer";
				COPY_PHASE_STRIP = NO;
				DEBUG_INFORMATION_FORMAT = dwarf;
				ENABLE_STRICT_OBJC_MSGSEND = YES;
				ENABLE_TESTABILITY = YES;
				GCC_C_LANGUAGE_STANDARD = gnu99;
				GCC_DYNAMIC_NO_PIC = NO;
				GCC_NO_COMMON_BLOCKS = YES;
				GCC_OPTIMIZATION_LEVEL = 0;
				GCC_PREPROCESSOR_DEFINITIONS = (
					"DEBUG=1",
					"$(inherited)",
				);
				GCC_WARN_64_TO_32_BIT_CONVERSION = YES;
				GCC_WARN_ABOUT_RETURN_TYPE = YES_ERROR;
				GCC_WARN_UNDECLARED_SELECTOR = YES;
				GCC_WARN_UNINITIALIZED_AUTOS = YES_AGGRESSIVE;
				GCC_WARN_UNUSED_FUNCTION = YES;
				GCC_WARN_UNUSED_VARIABLE = YES;
				IPHONEOS_DEPLOYMENT_TARGET = 10.3;
				MTL_ENABLE_DEBUG_INFO = YES;
				ONLY_ACTIVE_ARCH = YES;
				SDKROOT = iphoneos;
				SWIFT_ACTIVE_COMPILATION_CONDITIONS = DEBUG;
				SWIFT_OPTIMIZATION_LEVEL = "-Onone";
				TARGETED_DEVICE_FAMILY = "1,2";
			};
			name = Debug;
		};
		073EE0C91EB97B4E00280A74 /* Release */ = {
			isa = XCBuildConfiguration;
			buildSettings = {
				ALWAYS_SEARCH_USER_PATHS = NO;
				CLANG_ANALYZER_NONNULL = YES;
				CLANG_ANALYZER_NUMBER_OBJECT_CONVERSION = YES_AGGRESSIVE;
				CLANG_CXX_LANGUAGE_STANDARD = "gnu++0x";
				CLANG_CXX_LIBRARY = "libc++";
				CLANG_ENABLE_MODULES = YES;
				CLANG_ENABLE_OBJC_ARC = YES;
				CLANG_WARN_BOOL_CONVERSION = YES;
				CLANG_WARN_CONSTANT_CONVERSION = YES;
				CLANG_WARN_DIRECT_OBJC_ISA_USAGE = YES_ERROR;
				CLANG_WARN_DOCUMENTATION_COMMENTS = YES;
				CLANG_WARN_EMPTY_BODY = YES;
				CLANG_WARN_ENUM_CONVERSION = YES;
				CLANG_WARN_INFINITE_RECURSION = YES;
				CLANG_WARN_INT_CONVERSION = YES;
				CLANG_WARN_OBJC_ROOT_CLASS = YES_ERROR;
				CLANG_WARN_SUSPICIOUS_MOVE = YES;
				CLANG_WARN_UNREACHABLE_CODE = YES;
				CLANG_WARN__DUPLICATE_METHOD_MATCH = YES;
				"CODE_SIGN_IDENTITY[sdk=iphoneos*]" = "iPhone Developer";
				COPY_PHASE_STRIP = NO;
				DEBUG_INFORMATION_FORMAT = "dwarf-with-dsym";
				ENABLE_NS_ASSERTIONS = NO;
				ENABLE_STRICT_OBJC_MSGSEND = YES;
				GCC_C_LANGUAGE_STANDARD = gnu99;
				GCC_NO_COMMON_BLOCKS = YES;
				GCC_WARN_64_TO_32_BIT_CONVERSION = YES;
				GCC_WARN_ABOUT_RETURN_TYPE = YES_ERROR;
				GCC_WARN_UNDECLARED_SELECTOR = YES;
				GCC_WARN_UNINITIALIZED_AUTOS = YES_AGGRESSIVE;
				GCC_WARN_UNUSED_FUNCTION = YES;
				GCC_WARN_UNUSED_VARIABLE = YES;
				IPHONEOS_DEPLOYMENT_TARGET = 10.3;
				MTL_ENABLE_DEBUG_INFO = NO;
				SDKROOT = iphoneos;
				SWIFT_OPTIMIZATION_LEVEL = "-Owholemodule";
				TARGETED_DEVICE_FAMILY = "1,2";
				VALIDATE_PRODUCT = YES;
			};
			name = Release;
		};
		073EE0CB1EB97B4E00280A74 /* Debug */ = {
			isa = XCBuildConfiguration;
			buildSettings = {
				ASSETCATALOG_COMPILER_APPICON_NAME = AppIcon;
				INFOPLIST_FILE = CoreDataTut/Info.plist;
				LD_RUNPATH_SEARCH_PATHS = "$(inherited) @executable_path/Frameworks";
				PRODUCT_BUNDLE_IDENTIFIER = codepro.CoreDataTut;
				PRODUCT_NAME = "$(TARGET_NAME)";
				SWIFT_VERSION = 3.0;
			};
			name = Debug;
		};
		073EE0CC1EB97B4E00280A74 /* Release */ = {
			isa = XCBuildConfiguration;
			buildSettings = {
				ASSETCATALOG_COMPILER_APPICON_NAME = AppIcon;
				INFOPLIST_FILE = CoreDataTut/Info.plist;
				LD_RUNPATH_SEARCH_PATHS = "$(inherited) @executable_path/Frameworks";
				PRODUCT_BUNDLE_IDENTIFIER = codepro.CoreDataTut;
				PRODUCT_NAME = "$(TARGET_NAME)";
				SWIFT_VERSION = 3.0;
			};
			name = Release;
		};
/* End XCBuildConfiguration section */

/* Begin XCConfigurationList section */
		073EE0B01EB97B4E00280A74 /* Build configuration list for PBXProject "CoreDataTut" */ = {
			isa = XCConfigurationList;
			buildConfigurations = (
				073EE0C81EB97B4E00280A74 /* Debug */,
				073EE0C91EB97B4E00280A74 /* Release */,
			);
			defaultConfigurationIsVisible = 0;
			defaultConfigurationName = Release;
		};
		073EE0CA1EB97B4E00280A74 /* Build configuration list for PBXNativeTarget "CoreDataTut" */ = {
			isa = XCConfigurationList;
			buildConfigurations = (
				073EE0CB1EB97B4E00280A74 /* Debug */,
				073EE0CC1EB97B4E00280A74 /* Release */,
			);
			defaultConfigurationIsVisible = 0;
		};
/* End XCConfigurationList section */

/* Begin XCVersionGroup section */
		073EE0BF1EB97B4E00280A74 /* CoreDataTut.xcdatamodeld */ = {
			isa = XCVersionGroup;
			children = (
				073EE0C01EB97B4E00280A74 /* CoreDataTut.xcdatamodel */,
			);
			currentVersion = 073EE0C01EB97B4E00280A74 /* CoreDataTut.xcdatamodel */;
			path = CoreDataTut.xcdatamodeld;
			sourceTree = "<group>";
			versionGroupType = wrapper.xcdatamodel;
		};
/* End XCVersionGroup section */
	};
	rootObject = 073EE0AD1EB97B4E00280A74 /* Project object */;
}
